// !$*UTF8*$!
{
	archiveVersion = 1;
	classes = {
	};
	objectVersion = 46;
	objects = {

/* Begin PBXBuildFile section */
		7645F95F19A6E50F003D21AF /* main.cpp in Sources */ = {isa = PBXBuildFile; fileRef = 7645F95E19A6E50F003D21AF /* main.cpp */; };
		7645F96119A6E50F003D21AF /* Leetcode.1 in CopyFiles */ = {isa = PBXBuildFile; fileRef = 7645F96019A6E50F003D21AF /* Leetcode.1 */; };
		7645F97219A6E548003D21AF /* evalRPN.cpp in Sources */ = {isa = PBXBuildFile; fileRef = 7645F96919A6E548003D21AF /* evalRPN.cpp */; };
		7645F97319A6E548003D21AF /* MaxPoints.cpp in Sources */ = {isa = PBXBuildFile; fileRef = 7645F96B19A6E548003D21AF /* MaxPoints.cpp */; };
		7645F97419A6E548003D21AF /* Postorder.cpp in Sources */ = {isa = PBXBuildFile; fileRef = 7645F96D19A6E548003D21AF /* Postorder.cpp */; };
		7645F97519A6E548003D21AF /* SortList.cpp in Sources */ = {isa = PBXBuildFile; fileRef = 7645F96F19A6E548003D21AF /* SortList.cpp */; };
/* End PBXBuildFile section */

/* Begin PBXCopyFilesBuildPhase section */
		7645F95919A6E50F003D21AF /* CopyFiles */ = {
			isa = PBXCopyFilesBuildPhase;
			buildActionMask = 2147483647;
			dstPath = /usr/share/man/man1/;
			dstSubfolderSpec = 0;
			files = (
				7645F96119A6E50F003D21AF /* Leetcode.1 in CopyFiles */,
			);
			runOnlyForDeploymentPostprocessing = 1;
		};
/* End PBXCopyFilesBuildPhase section */

/* Begin PBXFileReference section */
		7645F95B19A6E50F003D21AF /* Leetcode */ = {isa = PBXFileReference; explicitFileType = "compiled.mach-o.executable"; includeInIndex = 0; path = Leetcode; sourceTree = BUILT_PRODUCTS_DIR; };
		7645F95E19A6E50F003D21AF /* main.cpp */ = {isa = PBXFileReference; lastKnownFileType = sourcecode.cpp.cpp; path = main.cpp; sourceTree = "<group>"; };
		7645F96019A6E50F003D21AF /* Leetcode.1 */ = {isa = PBXFileReference; lastKnownFileType = text.man; path = Leetcode.1; sourceTree = "<group>"; };
		7645F96819A6E548003D21AF /* DataStructs.h */ = {isa = PBXFileReference; fileEncoding = 4; lastKnownFileType = sourcecode.c.h; path = DataStructs.h; sourceTree = "<group>"; };
		7645F96919A6E548003D21AF /* evalRPN.cpp */ = {isa = PBXFileReference; fileEncoding = 4; lastKnownFileType = sourcecode.cpp.cpp; path = evalRPN.cpp; sourceTree = "<group>"; };
		7645F96A19A6E548003D21AF /* evalRPN.h */ = {isa = PBXFileReference; fileEncoding = 4; lastKnownFileType = sourcecode.c.h; path = evalRPN.h; sourceTree = "<group>"; };
		7645F96B19A6E548003D21AF /* MaxPoints.cpp */ = {isa = PBXFileReference; fileEncoding = 4; lastKnownFileType = sourcecode.cpp.cpp; path = MaxPoints.cpp; sourceTree = "<group>"; };
		7645F96C19A6E548003D21AF /* MaxPoints.h */ = {isa = PBXFileReference; fileEncoding = 4; lastKnownFileType = sourcecode.c.h; path = MaxPoints.h; sourceTree = "<group>"; };
		7645F96D19A6E548003D21AF /* Postorder.cpp */ = {isa = PBXFileReference; fileEncoding = 4; lastKnownFileType = sourcecode.cpp.cpp; path = Postorder.cpp; sourceTree = "<group>"; };
		7645F96E19A6E548003D21AF /* Postorder.h */ = {isa = PBXFileReference; fileEncoding = 4; lastKnownFileType = sourcecode.c.h; path = Postorder.h; sourceTree = "<group>"; };
		7645F96F19A6E548003D21AF /* SortList.cpp */ = {isa = PBXFileReference; fileEncoding = 4; lastKnownFileType = sourcecode.cpp.cpp; path = SortList.cpp; sourceTree = "<group>"; };
		7645F97019A6E548003D21AF /* SortList.h */ = {isa = PBXFileReference; fileEncoding = 4; lastKnownFileType = sourcecode.c.h; path = SortList.h; sourceTree = "<group>"; };
		7645F97119A6E548003D21AF /* TreeSolution.h */ = {isa = PBXFileReference; fileEncoding = 4; lastKnownFileType = sourcecode.c.h; path = TreeSolution.h; sourceTree = "<group>"; };
		7645F97719A6E807003D21AF /* SimplifyPath.h */ = {isa = PBXFileReference; lastKnownFileType = sourcecode.c.h; path = SimplifyPath.h; sourceTree = "<group>"; };
/* End PBXFileReference section */

/* Begin PBXFrameworksBuildPhase section */
		7645F95819A6E50F003D21AF /* Frameworks */ = {
			isa = PBXFrameworksBuildPhase;
			buildActionMask = 2147483647;
			files = (
			);
			runOnlyForDeploymentPostprocessing = 0;
		};
/* End PBXFrameworksBuildPhase section */

/* Begin PBXGroup section */
		7645F95219A6E50F003D21AF = {
			isa = PBXGroup;
			children = (
				7645F95D19A6E50F003D21AF /* Leetcode */,
				7645F95C19A6E50F003D21AF /* Products */,
			);
			sourceTree = "<group>";
		};
		7645F95C19A6E50F003D21AF /* Products */ = {
			isa = PBXGroup;
			children = (
				7645F95B19A6E50F003D21AF /* Leetcode */,
			);
			name = Products;
			sourceTree = "<group>";
		};
		7645F95D19A6E50F003D21AF /* Leetcode */ = {
			isa = PBXGroup;
			children = (
				7645F96719A6E548003D21AF /* solutions */,
				7645F95E19A6E50F003D21AF /* main.cpp */,
				7645F96019A6E50F003D21AF /* Leetcode.1 */,
			);
			path = Leetcode;
			sourceTree = "<group>";
		};
		7645F96719A6E548003D21AF /* solutions */ = {
			isa = PBXGroup;
			children = (
				7645F96819A6E548003D21AF /* DataStructs.h */,
				7645F96919A6E548003D21AF /* evalRPN.cpp */,
				7645F96A19A6E548003D21AF /* evalRPN.h */,
				7645F96B19A6E548003D21AF /* MaxPoints.cpp */,
				7645F96C19A6E548003D21AF /* MaxPoints.h */,
				7645F96D19A6E548003D21AF /* Postorder.cpp */,
				7645F96E19A6E548003D21AF /* Postorder.h */,
				7645F96F19A6E548003D21AF /* SortList.cpp */,
				7645F97019A6E548003D21AF /* SortList.h */,
				7645F97119A6E548003D21AF /* TreeSolution.h */,
				7645F97719A6E807003D21AF /* SimplifyPath.h */,
			);
			path = solutions;
			sourceTree = "<group>";
		};
/* End PBXGroup section */

/* Begin PBXNativeTarget section */
		7645F95A19A6E50F003D21AF /* Leetcode */ = {
			isa = PBXNativeTarget;
			buildConfigurationList = 7645F96419A6E50F003D21AF /* Build configuration list for PBXNativeTarget "Leetcode" */;
			buildPhases = (
				7645F95719A6E50F003D21AF /* Sources */,
				7645F95819A6E50F003D21AF /* Frameworks */,
				7645F95919A6E50F003D21AF /* CopyFiles */,
			);
			buildRules = (
			);
			dependencies = (
			);
			name = Leetcode;
			productName = Leetcode;
			productReference = 7645F95B19A6E50F003D21AF /* Leetcode */;
			productType = "com.apple.product-type.tool";
		};
/* End PBXNativeTarget section */

/* Begin PBXProject section */
		7645F95319A6E50F003D21AF /* Project object */ = {
			isa = PBXProject;
			attributes = {
				LastUpgradeCheck = 0510;
				ORGANIZATIONNAME = shwang;
			};
			buildConfigurationList = 7645F95619A6E50F003D21AF /* Build configuration list for PBXProject "Leetcode" */;
			compatibilityVersion = "Xcode 3.2";
			developmentRegion = English;
			hasScannedForEncodings = 0;
			knownRegions = (
				en,
			);
			mainGroup = 7645F95219A6E50F003D21AF;
			productRefGroup = 7645F95C19A6E50F003D21AF /* Products */;
			projectDirPath = "";
			projectRoot = "";
			targets = (
				7645F95A19A6E50F003D21AF /* Leetcode */,
			);
		};
/* End PBXProject section */

/* Begin PBXSourcesBuildPhase section */
		7645F95719A6E50F003D21AF /* Sources */ = {
			isa = PBXSourcesBuildPhase;
			buildActionMask = 2147483647;
			files = (
				7645F97419A6E548003D21AF /* Postorder.cpp in Sources */,
				7645F97219A6E548003D21AF /* evalRPN.cpp in Sources */,
				7645F95F19A6E50F003D21AF /* main.cpp in Sources */,
				7645F97319A6E548003D21AF /* MaxPoints.cpp in Sources */,
				7645F97519A6E548003D21AF /* SortList.cpp in Sources */,
			);
			runOnlyForDeploymentPostprocessing = 0;
		};
/* End PBXSourcesBuildPhase section */

/* Begin XCBuildConfiguration section */
		7645F96219A6E50F003D21AF /* Debug */ = {
			isa = XCBuildConfiguration;
			buildSettings = {
				ALWAYS_SEARCH_USER_PATHS = NO;
				CLANG_CXX_LANGUAGE_STANDARD = "gnu++0x";
				CLANG_CXX_LIBRARY = "libc++";
				CLANG_ENABLE_MODULES = YES;
				CLANG_ENABLE_OBJC_ARC = YES;
				CLANG_WARN_BOOL_CONVERSION = YES;
				CLANG_WARN_CONSTANT_CONVERSION = YES;
				CLANG_WARN_DIRECT_OBJC_ISA_USAGE = YES_ERROR;
				CLANG_WARN_EMPTY_BODY = YES;
				CLANG_WARN_ENUM_CONVERSION = YES;
				CLANG_WARN_INT_CONVERSION = YES;
				CLANG_WARN_OBJC_ROOT_CLASS = YES_ERROR;
				CLANG_WARN__DUPLICATE_METHOD_MATCH = YES;
				COPY_PHASE_STRIP = NO;
				GCC_C_LANGUAGE_STANDARD = gnu99;
				GCC_DYNAMIC_NO_PIC = NO;
				GCC_ENABLE_OBJC_EXCEPTIONS = YES;
				GCC_OPTIMIZATION_LEVEL = 0;
				GCC_PREPROCESSOR_DEFINITIONS = (
					"DEBUG=1",
					"$(inherited)",
				);
				GCC_SYMBOLS_PRIVATE_EXTERN = NO;
				GCC_WARN_64_TO_32_BIT_CONVERSION = YES;
				GCC_WARN_ABOUT_RETURN_TYPE = YES_ERROR;
				GCC_WARN_UNDECLARED_SELECTOR = YES;
				GCC_WARN_UNINITIALIZED_AUTOS = YES_AGGRESSIVE;
				GCC_WARN_UNUSED_FUNCTION = YES;
				GCC_WARN_UNUSED_VARIABLE = YES;
				MACOSX_DEPLOYMENT_TARGET = 10.9;
				ONLY_ACTIVE_ARCH = YES;
				SDKROOT = macosx;
			};
			name = Debug;
		};
		7645F96319A6E50F003D21AF /* Release */ = {
			isa = XCBuildConfiguration;
			buildSettings = {
				ALWAYS_SEARCH_USER_PATHS = NO;
				CLANG_CXX_LANGUAGE_STANDARD = "gnu++0x";
				CLANG_CXX_LIBRARY = "libc++";
				CLANG_ENABLE_MODULES = YES;
				CLANG_ENABLE_OBJC_ARC = YES;
				CLANG_WARN_BOOL_CONVERSION = YES;
				CLANG_WARN_CONSTANT_CONVERSION = YES;
				CLANG_WARN_DIRECT_OBJC_ISA_USAGE = YES_ERROR;
				CLANG_WARN_EMPTY_BODY = YES;
				CLANG_WARN_ENUM_CONVERSION = YES;
				CLANG_WARN_INT_CONVERSION = YES;
				CLANG_WARN_OBJC_ROOT_CLASS = YES_ERROR;
				CLANG_WARN__DUPLICATE_METHOD_MATCH = YES;
				COPY_PHASE_STRIP = YES;
				DEBUG_INFORMATION_FORMAT = "dwarf-with-dsym";
				ENABLE_NS_ASSERTIONS = NO;
				GCC_C_LANGUAGE_STANDARD = gnu99;
				GCC_ENABLE_OBJC_EXCEPTIONS = YES;
				GCC_WARN_64_TO_32_BIT_CONVERSION = YES;
				GCC_WARN_ABOUT_RETURN_TYPE = YES_ERROR;
				GCC_WARN_UNDECLARED_SELECTOR = YES;
				GCC_WARN_UNINITIALIZED_AUTOS = YES_AGGRESSIVE;
				GCC_WARN_UNUSED_FUNCTION = YES;
				GCC_WARN_UNUSED_VARIABLE = YES;
				MACOSX_DEPLOYMENT_TARGET = 10.9;
				SDKROOT = macosx;
			};
			name = Release;
		};
		7645F96519A6E50F003D21AF /* Debug */ = {
			isa = XCBuildConfiguration;
			buildSettings = {
				PRODUCT_NAME = "$(TARGET_NAME)";
			};
			name = Debug;
		};
		7645F96619A6E50F003D21AF /* Release */ = {
			isa = XCBuildConfiguration;
			buildSettings = {
				PRODUCT_NAME = "$(TARGET_NAME)";
			};
			name = Release;
		};
/* End XCBuildConfiguration section */

/* Begin XCConfigurationList section */
		7645F95619A6E50F003D21AF /* Build configuration list for PBXProject "Leetcode" */ = {
			isa = XCConfigurationList;
			buildConfigurations = (
				7645F96219A6E50F003D21AF /* Debug */,
				7645F96319A6E50F003D21AF /* Release */,
			);
			defaultConfigurationIsVisible = 0;
			defaultConfigurationName = Release;
		};
		7645F96419A6E50F003D21AF /* Build configuration list for PBXNativeTarget "Leetcode" */ = {
			isa = XCConfigurationList;
			buildConfigurations = (
				7645F96519A6E50F003D21AF /* Debug */,
				7645F96619A6E50F003D21AF /* Release */,
			);
			defaultConfigurationIsVisible = 0;
		};
/* End XCConfigurationList section */
	};
	rootObject = 7645F95319A6E50F003D21AF /* Project object */;
}
